Microsoft Visual Studio Solution File, Format Version 11.00
# Visual Studio 2010
Project("{8BC9CEB8-8B4A-11D0-8D11-00A0C91BC942}") = "ALL_BUILD", "ALL_BUILD.vcxproj", "{55A04FCF-4AF7-49DD-872F-A3E39CF371B1}"
	ProjectSection(ProjectDependencies) = postProject
	EndProjectSection
EndProject
Project("{8BC9CEB8-8B4A-11D0-8D11-00A0C91BC942}") = "INSTALL", "INSTALL.vcxproj", "{1C5DCD6F-95F4-43E4-A6E9-4E7FE2281903}"
	ProjectSection(ProjectDependencies) = postProject
		{55A04FCF-4AF7-49DD-872F-A3E39CF371B1} = {55A04FCF-4AF7-49DD-872F-A3E39CF371B1}
	EndProjectSection
EndProject
Project("{8BC9CEB8-8B4A-11D0-8D11-00A0C91BC942}") = "PACKAGE", "PACKAGE.vcxproj", "{DAAC4389-E57C-4162-8F90-BB8EE8F5E1E0}"
	ProjectSection(ProjectDependencies) = postProject
		{55A04FCF-4AF7-49DD-872F-A3E39CF371B1} = {55A04FCF-4AF7-49DD-872F-A3E39CF371B1}
	EndProjectSection
EndProject
Project("{8BC9CEB8-8B4A-11D0-8D11-00A0C91BC942}") = "RUN_TESTS", "RUN_TESTS.vcxproj", "{5FA80212-4037-4FFE-BAD9-90CF33EC7E76}"
	ProjectSection(ProjectDependencies) = postProject
	EndProjectSection
EndProject
Project("{8BC9CEB8-8B4A-11D0-8D11-00A0C91BC942}") = "ZERO_CHECK", "..\..\..\ZERO_CHECK.vcxproj", "{A471BAC6-64BB-4A06-A878-43D44BD58A2F}"
	ProjectSection(ProjectDependencies) = postProject
	EndProjectSection
EndProject
Project("{8BC9CEB8-8B4A-11D0-8D11-00A0C91BC942}") = "sandbox_arg_parse_demos", "sandbox_arg_parse_demos.vcxproj", "{B751140D-AA4B-404A-AB98-3FBE132D6E6E}"
	ProjectSection(ProjectDependencies) = postProject
		{A471BAC6-64BB-4A06-A878-43D44BD58A2F} = {A471BAC6-64BB-4A06-A878-43D44BD58A2F}
	EndProjectSection
EndProject
Global
	GlobalSection(SolutionConfigurationPlatforms) = preSolution
		Debug|Win32 = Debug|Win32
		Release|Win32 = Release|Win32
		MinSizeRel|Win32 = MinSizeRel|Win32
		RelWithDebInfo|Win32 = RelWithDebInfo|Win32
	EndGlobalSection
	GlobalSection(ProjectConfigurationPlatforms) = postSolution
		{55A04FCF-4AF7-49DD-872F-A3E39CF371B1}.Debug|Win32.ActiveCfg = Debug|Win32
		{55A04FCF-4AF7-49DD-872F-A3E39CF371B1}.Debug|Win32.Build.0 = Debug|Win32
		{55A04FCF-4AF7-49DD-872F-A3E39CF371B1}.Release|Win32.ActiveCfg = Release|Win32
		{55A04FCF-4AF7-49DD-872F-A3E39CF371B1}.Release|Win32.Build.0 = Release|Win32
		{55A04FCF-4AF7-49DD-872F-A3E39CF371B1}.MinSizeRel|Win32.ActiveCfg = MinSizeRel|Win32
		{55A04FCF-4AF7-49DD-872F-A3E39CF371B1}.MinSizeRel|Win32.Build.0 = MinSizeRel|Win32
		{55A04FCF-4AF7-49DD-872F-A3E39CF371B1}.RelWithDebInfo|Win32.ActiveCfg = RelWithDebInfo|Win32
		{55A04FCF-4AF7-49DD-872F-A3E39CF371B1}.RelWithDebInfo|Win32.Build.0 = RelWithDebInfo|Win32
		{1C5DCD6F-95F4-43E4-A6E9-4E7FE2281903}.Debug|Win32.ActiveCfg = Debug|Win32
		{1C5DCD6F-95F4-43E4-A6E9-4E7FE2281903}.Release|Win32.ActiveCfg = Release|Win32
		{1C5DCD6F-95F4-43E4-A6E9-4E7FE2281903}.MinSizeRel|Win32.ActiveCfg = MinSizeRel|Win32
		{1C5DCD6F-95F4-43E4-A6E9-4E7FE2281903}.RelWithDebInfo|Win32.ActiveCfg = RelWithDebInfo|Win32
		{DAAC4389-E57C-4162-8F90-BB8EE8F5E1E0}.Debug|Win32.ActiveCfg = Debug|Win32
		{DAAC4389-E57C-4162-8F90-BB8EE8F5E1E0}.Release|Win32.ActiveCfg = Release|Win32
		{DAAC4389-E57C-4162-8F90-BB8EE8F5E1E0}.MinSizeRel|Win32.ActiveCfg = MinSizeRel|Win32
		{DAAC4389-E57C-4162-8F90-BB8EE8F5E1E0}.RelWithDebInfo|Win32.ActiveCfg = RelWithDebInfo|Win32
		{5FA80212-4037-4FFE-BAD9-90CF33EC7E76}.Debug|Win32.ActiveCfg = Debug|Win32
		{5FA80212-4037-4FFE-BAD9-90CF33EC7E76}.Release|Win32.ActiveCfg = Release|Win32
		{5FA80212-4037-4FFE-BAD9-90CF33EC7E76}.MinSizeRel|Win32.ActiveCfg = MinSizeRel|Win32
		{5FA80212-4037-4FFE-BAD9-90CF33EC7E76}.RelWithDebInfo|Win32.ActiveCfg = RelWithDebInfo|Win32
		{A471BAC6-64BB-4A06-A878-43D44BD58A2F}.Debug|Win32.ActiveCfg = Debug|Win32
		{A471BAC6-64BB-4A06-A878-43D44BD58A2F}.Debug|Win32.Build.0 = Debug|Win32
		{A471BAC6-64BB-4A06-A878-43D44BD58A2F}.Release|Win32.ActiveCfg = Release|Win32
		{A471BAC6-64BB-4A06-A878-43D44BD58A2F}.Release|Win32.Build.0 = Release|Win32
		{A471BAC6-64BB-4A06-A878-43D44BD58A2F}.MinSizeRel|Win32.ActiveCfg = MinSizeRel|Win32
		{A471BAC6-64BB-4A06-A878-43D44BD58A2F}.MinSizeRel|Win32.Build.0 = MinSizeRel|Win32
		{A471BAC6-64BB-4A06-A878-43D44BD58A2F}.RelWithDebInfo|Win32.ActiveCfg = RelWithDebInfo|Win32
		{A471BAC6-64BB-4A06-A878-43D44BD58A2F}.RelWithDebInfo|Win32.Build.0 = RelWithDebInfo|Win32
		{B751140D-AA4B-404A-AB98-3FBE132D6E6E}.Debug|Win32.ActiveCfg = Debug|Win32
		{B751140D-AA4B-404A-AB98-3FBE132D6E6E}.Release|Win32.ActiveCfg = Release|Win32
		{B751140D-AA4B-404A-AB98-3FBE132D6E6E}.MinSizeRel|Win32.ActiveCfg = MinSizeRel|Win32
		{B751140D-AA4B-404A-AB98-3FBE132D6E6E}.RelWithDebInfo|Win32.ActiveCfg = RelWithDebInfo|Win32
	EndGlobalSection
	GlobalSection(ExtensibilityGlobals) = postSolution
	EndGlobalSection
	GlobalSection(ExtensibilityAddIns) = postSolution
	EndGlobalSection
EndGlobal