Microsoft Visual Studio Solution File, Format Version 11.00
# Visual Studio 2010
Project("{8BC9CEB8-8B4A-11D0-8D11-00A0C91BC942}") = "ALL_BUILD", "ALL_BUILD.vcxproj", "{639891C3-05A7-456F-BE87-33BE3E32140D}"
	ProjectSection(ProjectDependencies) = postProject
		{CBD35C73-8373-49C7-B7CF-182F70845382} = {CBD35C73-8373-49C7-B7CF-182F70845382}
		{AF7FED2D-1384-4427-BD8D-1963AD42F31E} = {AF7FED2D-1384-4427-BD8D-1963AD42F31E}
		{5FFF5623-3B4C-43DE-AE13-0C532179CA77} = {5FFF5623-3B4C-43DE-AE13-0C532179CA77}
		{2873F70C-1AF7-4A35-99D8-B1315C6EFDE7} = {2873F70C-1AF7-4A35-99D8-B1315C6EFDE7}
	EndProjectSection
EndProject
Project("{8BC9CEB8-8B4A-11D0-8D11-00A0C91BC942}") = "INSTALL", "INSTALL.vcxproj", "{BEFB98B2-57EC-44F0-95C6-F1DAF06DC98A}"
	ProjectSection(ProjectDependencies) = postProject
		{639891C3-05A7-456F-BE87-33BE3E32140D} = {639891C3-05A7-456F-BE87-33BE3E32140D}
	EndProjectSection
EndProject
Project("{8BC9CEB8-8B4A-11D0-8D11-00A0C91BC942}") = "RUN_TESTS", "RUN_TESTS.vcxproj", "{0B446827-0EA9-4CE8-B9DB-F90F87D7F7BA}"
	ProjectSection(ProjectDependencies) = postProject
	EndProjectSection
EndProject
Project("{8BC9CEB8-8B4A-11D0-8D11-00A0C91BC942}") = "ZERO_CHECK", "..\ZERO_CHECK.vcxproj", "{071190D4-B83C-41F6-8FED-20AC4F13F9F5}"
	ProjectSection(ProjectDependencies) = postProject
	EndProjectSection
EndProject
Project("{8BC9CEB8-8B4A-11D0-8D11-00A0C91BC942}") = "first_app", "my_sandbox\apps\first_app\first_app.vcxproj", "{CBD35C73-8373-49C7-B7CF-182F70845382}"
	ProjectSection(ProjectDependencies) = postProject
		{071190D4-B83C-41F6-8FED-20AC4F13F9F5} = {071190D4-B83C-41F6-8FED-20AC4F13F9F5}
		{D3A08FB8-0CAA-413B-84FE-34A99E759F99} = {D3A08FB8-0CAA-413B-84FE-34A99E759F99}
		{A0D8E86C-D03B-436A-AB31-393576BD8A06} = {A0D8E86C-D03B-436A-AB31-393576BD8A06}
		{13A27268-38CA-4D92-8199-EDB218C41F96} = {13A27268-38CA-4D92-8199-EDB218C41F96}
		{F5EEBBDD-F4DF-4C24-A0AB-CFE258A19E2B} = {F5EEBBDD-F4DF-4C24-A0AB-CFE258A19E2B}
	EndProjectSection
EndProject
Project("{8BC9CEB8-8B4A-11D0-8D11-00A0C91BC942}") = "lagan_app", "my_sandbox\apps\lagan_app\lagan_app.vcxproj", "{AF7FED2D-1384-4427-BD8D-1963AD42F31E}"
	ProjectSection(ProjectDependencies) = postProject
		{071190D4-B83C-41F6-8FED-20AC4F13F9F5} = {071190D4-B83C-41F6-8FED-20AC4F13F9F5}
		{D3A08FB8-0CAA-413B-84FE-34A99E759F99} = {D3A08FB8-0CAA-413B-84FE-34A99E759F99}
		{A0D8E86C-D03B-436A-AB31-393576BD8A06} = {A0D8E86C-D03B-436A-AB31-393576BD8A06}
		{13A27268-38CA-4D92-8199-EDB218C41F96} = {13A27268-38CA-4D92-8199-EDB218C41F96}
		{F5EEBBDD-F4DF-4C24-A0AB-CFE258A19E2B} = {F5EEBBDD-F4DF-4C24-A0AB-CFE258A19E2B}
	EndProjectSection
EndProject
Project("{8BC9CEB8-8B4A-11D0-8D11-00A0C91BC942}") = "seqan_core", "..\core\seqan_core.vcxproj", "{D3A08FB8-0CAA-413B-84FE-34A99E759F99}"
	ProjectSection(ProjectDependencies) = postProject
		{071190D4-B83C-41F6-8FED-20AC4F13F9F5} = {071190D4-B83C-41F6-8FED-20AC4F13F9F5}
	EndProjectSection
EndProject
Project("{8BC9CEB8-8B4A-11D0-8D11-00A0C91BC942}") = "seqan_extras", "..\extras\seqan_extras.vcxproj", "{A0D8E86C-D03B-436A-AB31-393576BD8A06}"
	ProjectSection(ProjectDependencies) = postProject
		{071190D4-B83C-41F6-8FED-20AC4F13F9F5} = {071190D4-B83C-41F6-8FED-20AC4F13F9F5}
	EndProjectSection
EndProject
Project("{8BC9CEB8-8B4A-11D0-8D11-00A0C91BC942}") = "seqan_sandbox_group4", "group4\seqan_sandbox_group4.vcxproj", "{878B48BC-3757-4C47-BD57-1ED32092FD03}"
	ProjectSection(ProjectDependencies) = postProject
		{071190D4-B83C-41F6-8FED-20AC4F13F9F5} = {071190D4-B83C-41F6-8FED-20AC4F13F9F5}
	EndProjectSection
EndProject
Project("{8BC9CEB8-8B4A-11D0-8D11-00A0C91BC942}") = "seqan_sandbox_my_sandbox", "my_sandbox\seqan_sandbox_my_sandbox.vcxproj", "{13A27268-38CA-4D92-8199-EDB218C41F96}"
	ProjectSection(ProjectDependencies) = postProject
		{071190D4-B83C-41F6-8FED-20AC4F13F9F5} = {071190D4-B83C-41F6-8FED-20AC4F13F9F5}
	EndProjectSection
EndProject
Project("{8BC9CEB8-8B4A-11D0-8D11-00A0C91BC942}") = "seqan_sua_target", "..\seqan_sua_target.vcxproj", "{F5EEBBDD-F4DF-4C24-A0AB-CFE258A19E2B}"
	ProjectSection(ProjectDependencies) = postProject
		{071190D4-B83C-41F6-8FED-20AC4F13F9F5} = {071190D4-B83C-41F6-8FED-20AC4F13F9F5}
	EndProjectSection
EndProject
Project("{8BC9CEB8-8B4A-11D0-8D11-00A0C91BC942}") = "the_example", "my_sandbox\apps\the_example\the_example.vcxproj", "{5FFF5623-3B4C-43DE-AE13-0C532179CA77}"
	ProjectSection(ProjectDependencies) = postProject
		{071190D4-B83C-41F6-8FED-20AC4F13F9F5} = {071190D4-B83C-41F6-8FED-20AC4F13F9F5}
		{D3A08FB8-0CAA-413B-84FE-34A99E759F99} = {D3A08FB8-0CAA-413B-84FE-34A99E759F99}
		{A0D8E86C-D03B-436A-AB31-393576BD8A06} = {A0D8E86C-D03B-436A-AB31-393576BD8A06}
		{13A27268-38CA-4D92-8199-EDB218C41F96} = {13A27268-38CA-4D92-8199-EDB218C41F96}
		{F5EEBBDD-F4DF-4C24-A0AB-CFE258A19E2B} = {F5EEBBDD-F4DF-4C24-A0AB-CFE258A19E2B}
	EndProjectSection
EndProject
Project("{8BC9CEB8-8B4A-11D0-8D11-00A0C91BC942}") = "the_example_test", "my_sandbox\apps\the_example\the_example_test.vcxproj", "{2873F70C-1AF7-4A35-99D8-B1315C6EFDE7}"
	ProjectSection(ProjectDependencies) = postProject
		{071190D4-B83C-41F6-8FED-20AC4F13F9F5} = {071190D4-B83C-41F6-8FED-20AC4F13F9F5}
		{D3A08FB8-0CAA-413B-84FE-34A99E759F99} = {D3A08FB8-0CAA-413B-84FE-34A99E759F99}
		{A0D8E86C-D03B-436A-AB31-393576BD8A06} = {A0D8E86C-D03B-436A-AB31-393576BD8A06}
		{13A27268-38CA-4D92-8199-EDB218C41F96} = {13A27268-38CA-4D92-8199-EDB218C41F96}
		{F5EEBBDD-F4DF-4C24-A0AB-CFE258A19E2B} = {F5EEBBDD-F4DF-4C24-A0AB-CFE258A19E2B}
	EndProjectSection
EndProject
Global
	GlobalSection(SolutionConfigurationPlatforms) = preSolution
		Debug|Win32 = Debug|Win32
		Release|Win32 = Release|Win32
		MinSizeRel|Win32 = MinSizeRel|Win32
		RelWithDebInfo|Win32 = RelWithDebInfo|Win32
	EndGlobalSection
	GlobalSection(ProjectConfigurationPlatforms) = postSolution
		{639891C3-05A7-456F-BE87-33BE3E32140D}.Debug|Win32.ActiveCfg = Debug|Win32
		{639891C3-05A7-456F-BE87-33BE3E32140D}.Debug|Win32.Build.0 = Debug|Win32
		{639891C3-05A7-456F-BE87-33BE3E32140D}.Release|Win32.ActiveCfg = Release|Win32
		{639891C3-05A7-456F-BE87-33BE3E32140D}.Release|Win32.Build.0 = Release|Win32
		{639891C3-05A7-456F-BE87-33BE3E32140D}.MinSizeRel|Win32.ActiveCfg = MinSizeRel|Win32
		{639891C3-05A7-456F-BE87-33BE3E32140D}.MinSizeRel|Win32.Build.0 = MinSizeRel|Win32
		{639891C3-05A7-456F-BE87-33BE3E32140D}.RelWithDebInfo|Win32.ActiveCfg = RelWithDebInfo|Win32
		{639891C3-05A7-456F-BE87-33BE3E32140D}.RelWithDebInfo|Win32.Build.0 = RelWithDebInfo|Win32
		{BEFB98B2-57EC-44F0-95C6-F1DAF06DC98A}.Debug|Win32.ActiveCfg = Debug|Win32
		{BEFB98B2-57EC-44F0-95C6-F1DAF06DC98A}.Release|Win32.ActiveCfg = Release|Win32
		{BEFB98B2-57EC-44F0-95C6-F1DAF06DC98A}.MinSizeRel|Win32.ActiveCfg = MinSizeRel|Win32
		{BEFB98B2-57EC-44F0-95C6-F1DAF06DC98A}.RelWithDebInfo|Win32.ActiveCfg = RelWithDebInfo|Win32
		{0B446827-0EA9-4CE8-B9DB-F90F87D7F7BA}.Debug|Win32.ActiveCfg = Debug|Win32
		{0B446827-0EA9-4CE8-B9DB-F90F87D7F7BA}.Release|Win32.ActiveCfg = Release|Win32
		{0B446827-0EA9-4CE8-B9DB-F90F87D7F7BA}.MinSizeRel|Win32.ActiveCfg = MinSizeRel|Win32
		{0B446827-0EA9-4CE8-B9DB-F90F87D7F7BA}.RelWithDebInfo|Win32.ActiveCfg = RelWithDebInfo|Win32
		{071190D4-B83C-41F6-8FED-20AC4F13F9F5}.Debug|Win32.ActiveCfg = Debug|Win32
		{071190D4-B83C-41F6-8FED-20AC4F13F9F5}.Debug|Win32.Build.0 = Debug|Win32
		{071190D4-B83C-41F6-8FED-20AC4F13F9F5}.Release|Win32.ActiveCfg = Release|Win32
		{071190D4-B83C-41F6-8FED-20AC4F13F9F5}.Release|Win32.Build.0 = Release|Win32
		{071190D4-B83C-41F6-8FED-20AC4F13F9F5}.MinSizeRel|Win32.ActiveCfg = MinSizeRel|Win32
		{071190D4-B83C-41F6-8FED-20AC4F13F9F5}.MinSizeRel|Win32.Build.0 = MinSizeRel|Win32
		{071190D4-B83C-41F6-8FED-20AC4F13F9F5}.RelWithDebInfo|Win32.ActiveCfg = RelWithDebInfo|Win32
		{071190D4-B83C-41F6-8FED-20AC4F13F9F5}.RelWithDebInfo|Win32.Build.0 = RelWithDebInfo|Win32
		{CBD35C73-8373-49C7-B7CF-182F70845382}.Debug|Win32.ActiveCfg = Debug|Win32
		{CBD35C73-8373-49C7-B7CF-182F70845382}.Debug|Win32.Build.0 = Debug|Win32
		{CBD35C73-8373-49C7-B7CF-182F70845382}.Release|Win32.ActiveCfg = Release|Win32
		{CBD35C73-8373-49C7-B7CF-182F70845382}.Release|Win32.Build.0 = Release|Win32
		{CBD35C73-8373-49C7-B7CF-182F70845382}.MinSizeRel|Win32.ActiveCfg = MinSizeRel|Win32
		{CBD35C73-8373-49C7-B7CF-182F70845382}.MinSizeRel|Win32.Build.0 = MinSizeRel|Win32
		{CBD35C73-8373-49C7-B7CF-182F70845382}.RelWithDebInfo|Win32.ActiveCfg = RelWithDebInfo|Win32
		{CBD35C73-8373-49C7-B7CF-182F70845382}.RelWithDebInfo|Win32.Build.0 = RelWithDebInfo|Win32
		{AF7FED2D-1384-4427-BD8D-1963AD42F31E}.Debug|Win32.ActiveCfg = Debug|Win32
		{AF7FED2D-1384-4427-BD8D-1963AD42F31E}.Debug|Win32.Build.0 = Debug|Win32
		{AF7FED2D-1384-4427-BD8D-1963AD42F31E}.Release|Win32.ActiveCfg = Release|Win32
		{AF7FED2D-1384-4427-BD8D-1963AD42F31E}.Release|Win32.Build.0 = Release|Win32
		{AF7FED2D-1384-4427-BD8D-1963AD42F31E}.MinSizeRel|Win32.ActiveCfg = MinSizeRel|Win32
		{AF7FED2D-1384-4427-BD8D-1963AD42F31E}.MinSizeRel|Win32.Build.0 = MinSizeRel|Win32
		{AF7FED2D-1384-4427-BD8D-1963AD42F31E}.RelWithDebInfo|Win32.ActiveCfg = RelWithDebInfo|Win32
		{AF7FED2D-1384-4427-BD8D-1963AD42F31E}.RelWithDebInfo|Win32.Build.0 = RelWithDebInfo|Win32
		{D3A08FB8-0CAA-413B-84FE-34A99E759F99}.Debug|Win32.ActiveCfg = Debug|Win32
		{D3A08FB8-0CAA-413B-84FE-34A99E759F99}.Debug|Win32.Build.0 = Debug|Win32
		{D3A08FB8-0CAA-413B-84FE-34A99E759F99}.Release|Win32.ActiveCfg = Release|Win32
		{D3A08FB8-0CAA-413B-84FE-34A99E759F99}.Release|Win32.Build.0 = Release|Win32
		{D3A08FB8-0CAA-413B-84FE-34A99E759F99}.MinSizeRel|Win32.ActiveCfg = MinSizeRel|Win32
		{D3A08FB8-0CAA-413B-84FE-34A99E759F99}.MinSizeRel|Win32.Build.0 = MinSizeRel|Win32
		{D3A08FB8-0CAA-413B-84FE-34A99E759F99}.RelWithDebInfo|Win32.ActiveCfg = RelWithDebInfo|Win32
		{D3A08FB8-0CAA-413B-84FE-34A99E759F99}.RelWithDebInfo|Win32.Build.0 = RelWithDebInfo|Win32
		{A0D8E86C-D03B-436A-AB31-393576BD8A06}.Debug|Win32.ActiveCfg = Debug|Win32
		{A0D8E86C-D03B-436A-AB31-393576BD8A06}.Debug|Win32.Build.0 = Debug|Win32
		{A0D8E86C-D03B-436A-AB31-393576BD8A06}.Release|Win32.ActiveCfg = Release|Win32
		{A0D8E86C-D03B-436A-AB31-393576BD8A06}.Release|Win32.Build.0 = Release|Win32
		{A0D8E86C-D03B-436A-AB31-393576BD8A06}.MinSizeRel|Win32.ActiveCfg = MinSizeRel|Win32
		{A0D8E86C-D03B-436A-AB31-393576BD8A06}.MinSizeRel|Win32.Build.0 = MinSizeRel|Win32
		{A0D8E86C-D03B-436A-AB31-393576BD8A06}.RelWithDebInfo|Win32.ActiveCfg = RelWithDebInfo|Win32
		{A0D8E86C-D03B-436A-AB31-393576BD8A06}.RelWithDebInfo|Win32.Build.0 = RelWithDebInfo|Win32
		{878B48BC-3757-4C47-BD57-1ED32092FD03}.Debug|Win32.ActiveCfg = Debug|Win32
		{878B48BC-3757-4C47-BD57-1ED32092FD03}.Release|Win32.ActiveCfg = Release|Win32
		{878B48BC-3757-4C47-BD57-1ED32092FD03}.MinSizeRel|Win32.ActiveCfg = MinSizeRel|Win32
		{878B48BC-3757-4C47-BD57-1ED32092FD03}.RelWithDebInfo|Win32.ActiveCfg = RelWithDebInfo|Win32
		{13A27268-38CA-4D92-8199-EDB218C41F96}.Debug|Win32.ActiveCfg = Debug|Win32
		{13A27268-38CA-4D92-8199-EDB218C41F96}.Debug|Win32.Build.0 = Debug|Win32
		{13A27268-38CA-4D92-8199-EDB218C41F96}.Release|Win32.ActiveCfg = Release|Win32
		{13A27268-38CA-4D92-8199-EDB218C41F96}.Release|Win32.Build.0 = Release|Win32
		{13A27268-38CA-4D92-8199-EDB218C41F96}.MinSizeRel|Win32.ActiveCfg = MinSizeRel|Win32
		{13A27268-38CA-4D92-8199-EDB218C41F96}.MinSizeRel|Win32.Build.0 = MinSizeRel|Win32
		{13A27268-38CA-4D92-8199-EDB218C41F96}.RelWithDebInfo|Win32.ActiveCfg = RelWithDebInfo|Win32
		{13A27268-38CA-4D92-8199-EDB218C41F96}.RelWithDebInfo|Win32.Build.0 = RelWithDebInfo|Win32
		{F5EEBBDD-F4DF-4C24-A0AB-CFE258A19E2B}.Debug|Win32.ActiveCfg = Debug|Win32
		{F5EEBBDD-F4DF-4C24-A0AB-CFE258A19E2B}.Debug|Win32.Build.0 = Debug|Win32
		{F5EEBBDD-F4DF-4C24-A0AB-CFE258A19E2B}.Release|Win32.ActiveCfg = Release|Win32
		{F5EEBBDD-F4DF-4C24-A0AB-CFE258A19E2B}.Release|Win32.Build.0 = Release|Win32
		{F5EEBBDD-F4DF-4C24-A0AB-CFE258A19E2B}.MinSizeRel|Win32.ActiveCfg = MinSizeRel|Win32
		{F5EEBBDD-F4DF-4C24-A0AB-CFE258A19E2B}.MinSizeRel|Win32.Build.0 = MinSizeRel|Win32
		{F5EEBBDD-F4DF-4C24-A0AB-CFE258A19E2B}.RelWithDebInfo|Win32.ActiveCfg = RelWithDebInfo|Win32
		{F5EEBBDD-F4DF-4C24-A0AB-CFE258A19E2B}.RelWithDebInfo|Win32.Build.0 = RelWithDebInfo|Win32
		{5FFF5623-3B4C-43DE-AE13-0C532179CA77}.Debug|Win32.ActiveCfg = Debug|Win32
		{5FFF5623-3B4C-43DE-AE13-0C532179CA77}.Debug|Win32.Build.0 = Debug|Win32
		{5FFF5623-3B4C-43DE-AE13-0C532179CA77}.Release|Win32.ActiveCfg = Release|Win32
		{5FFF5623-3B4C-43DE-AE13-0C532179CA77}.Release|Win32.Build.0 = Release|Win32
		{5FFF5623-3B4C-43DE-AE13-0C532179CA77}.MinSizeRel|Win32.ActiveCfg = MinSizeRel|Win32
		{5FFF5623-3B4C-43DE-AE13-0C532179CA77}.MinSizeRel|Win32.Build.0 = MinSizeRel|Win32
		{5FFF5623-3B4C-43DE-AE13-0C532179CA77}.RelWithDebInfo|Win32.ActiveCfg = RelWithDebInfo|Win32
		{5FFF5623-3B4C-43DE-AE13-0C532179CA77}.RelWithDebInfo|Win32.Build.0 = RelWithDebInfo|Win32
		{2873F70C-1AF7-4A35-99D8-B1315C6EFDE7}.Debug|Win32.ActiveCfg = Debug|Win32
		{2873F70C-1AF7-4A35-99D8-B1315C6EFDE7}.Debug|Win32.Build.0 = Debug|Win32
		{2873F70C-1AF7-4A35-99D8-B1315C6EFDE7}.Release|Win32.ActiveCfg = Release|Win32
		{2873F70C-1AF7-4A35-99D8-B1315C6EFDE7}.Release|Win32.Build.0 = Release|Win32
		{2873F70C-1AF7-4A35-99D8-B1315C6EFDE7}.MinSizeRel|Win32.ActiveCfg = MinSizeRel|Win32
		{2873F70C-1AF7-4A35-99D8-B1315C6EFDE7}.MinSizeRel|Win32.Build.0 = MinSizeRel|Win32
		{2873F70C-1AF7-4A35-99D8-B1315C6EFDE7}.RelWithDebInfo|Win32.ActiveCfg = RelWithDebInfo|Win32
		{2873F70C-1AF7-4A35-99D8-B1315C6EFDE7}.RelWithDebInfo|Win32.Build.0 = RelWithDebInfo|Win32
	EndGlobalSection
	GlobalSection(ExtensibilityGlobals) = postSolution
	EndGlobalSection
	GlobalSection(ExtensibilityAddIns) = postSolution
	EndGlobalSection
EndGlobal
